# This file is autogenerated, do not edit; changes may be undone by the next 'dep ensure'.


[[projects]]
  digest = "1:ffe9824d294da03b391f44e1ae8281281b4afc1bdaa9588c9097785e3af10cec"
  name = "github.com/davecgh/go-spew"
  packages = ["spew"]
  pruneopts = "UT"
  revision = "8991bc29aa16c548c550c7ff78260e27b9ab7c73"
  version = "v1.1.1"

[[projects]]
  digest = "1:7d1d1acf71d2b370c82a6336f4ad7c231a062dbdd8951e7270dd6f1740597b80"
  name = "github.com/hashicorp/hcl"
  packages = [
    ".",
    "hcl/ast",
    "hcl/parser",
    "hcl/scanner",
    "hcl/strconv",
    "hcl/token",
    "json/parser",
    "json/scanner",
    "json/token",
  ]
  pruneopts = "UT"
  revision = "481ba8d00bf398f51b211239a0c506e1c0654feb"
  source = "github.com/actions/hcl"

[[projects]]
  digest = "1:0028cb19b2e4c3112225cd871870f2d9cf49b9b4276531f03438a88e94be86fe"
  name = "github.com/pmezard/go-difflib"
  packages = ["difflib"]
  pruneopts = "UT"
  revision = "792786c7400a136282c1664665ae0a8db921c6c2"
  version = "v1.0.0"

[[projects]]
  digest = "1:9f6fbd3a29d0dee2e6c78a019d1419e406a2f7af3ece5676d7c80ecf27685502"
  name = "github.com/soniakeys/bits"
  packages = ["."]
  pruneopts = "UT"
  revision = "6d078272e8c4c60e9a39dbd1415f6ca61ee30be7"
  version = "v1.0.0"

[[projects]]
  digest = "1:84e196e4383e2be57b9b1900832d87d186fd229a970c273866d34a3e602599ea"
  name = "github.com/soniakeys/graph"
  packages = ["."]
  pruneopts = "UT"
  revision = "bd01f17755ab52e8680af118bd02d2575f6af04f"
  version = "v0.0.0"

[[projects]]
  digest = "1:5da8ce674952566deae4dbc23d07c85caafc6cfa815b0b3e03e41979cedb8750"
  name = "github.com/stretchr/testify"
  packages = [
    "assert",
    "require",
  ]
  pruneopts = "UT"
  revision = "ffdc059bfe9ce6a4e144ba849dbedead332c6053"
  version = "v1.3.0"

[solve-meta]
  analyzer-name = "dep"
  analyzer-version = 1
  input-imports = [
    "github.com/hashicorp/hcl",
    "github.com/hashicorp/hcl/hcl/ast",
    "github.com/hashicorp/hcl/hcl/parser",
    "github.com/hashicorp/hcl/hcl/token",
    "github.com/soniakeys/graph",
    "github.com/stretchr/testify/assert",
    "github.com/stretchr/testify/require",
  ]
  solver-name = "gps-cdcl"
  solver-version = 1
